
Microsoft Visual Studio Solution File, Format Version 12.00
# Visual Studio Version 17
VisualStudioVersion = 17.0.31903.59
MinimumVisualStudioVersion = 10.0.40219.1
Project("{9A19103F-16F7-4668-BE54-9A1E7A4F7556}") = "PiTrade", "PiTrade\PiTrade.csproj", "{B920D8FB-3DEA-4696-8659-5C2F5B17976F}"
EndProject
Project("{9A19103F-16F7-4668-BE54-9A1E7A4F7556}") = "PiTrade.Exchange", "PiTrade.Exchange\PiTrade.Exchange.csproj", "{1807232D-CCA1-4685-8B08-4C20518A1082}"
EndProject
Project("{9A19103F-16F7-4668-BE54-9A1E7A4F7556}") = "PiTrade.Strategy", "PiTrade.Strategy\PiTrade.Strategy.csproj", "{745E1A66-B1C2-4BAC-96C4-CABCB7B444DC}"
EndProject
Project("{9A19103F-16F7-4668-BE54-9A1E7A4F7556}") = "PiTrade.Exchange.Binance", "PiTrade.Exchange.Binance\PiTrade.Exchange.Binance.csproj", "{8EA79FBB-B260-4F85-80C9-DE1A2052032F}"
EndProject
Project("{9A19103F-16F7-4668-BE54-9A1E7A4F7556}") = "PiTrade.Networking", "PiTrade.Networking\PiTrade.Networking.csproj", "{64778DAA-64B7-4BDF-82E0-029966248056}"
EndProject
Project("{FAE04EC0-301F-11D3-BF4B-00C04F79EFBC}") = "PiTrade.Logging", "PiTrade.Logging\PiTrade.Logging.csproj", "{0859CC2D-26D2-4B3F-A0F5-D15F9E27B425}"
EndProject
Global
	GlobalSection(SolutionConfigurationPlatforms) = preSolution
		Debug|Any CPU = Debug|Any CPU
		Release|Any CPU = Release|Any CPU
	EndGlobalSection
	GlobalSection(ProjectConfigurationPlatforms) = postSolution
		{B920D8FB-3DEA-4696-8659-5C2F5B17976F}.Debug|Any CPU.ActiveCfg = Debug|Any CPU
		{B920D8FB-3DEA-4696-8659-5C2F5B17976F}.Debug|Any CPU.Build.0 = Debug|Any CPU
		{B920D8FB-3DEA-4696-8659-5C2F5B17976F}.Release|Any CPU.ActiveCfg = Release|Any CPU
		{B920D8FB-3DEA-4696-8659-5C2F5B17976F}.Release|Any CPU.Build.0 = Release|Any CPU
		{1807232D-CCA1-4685-8B08-4C20518A1082}.Debug|Any CPU.ActiveCfg = Debug|Any CPU
		{1807232D-CCA1-4685-8B08-4C20518A1082}.Debug|Any CPU.Build.0 = Debug|Any CPU
		{1807232D-CCA1-4685-8B08-4C20518A1082}.Release|Any CPU.ActiveCfg = Release|Any CPU
		{1807232D-CCA1-4685-8B08-4C20518A1082}.Release|Any CPU.Build.0 = Release|Any CPU
		{745E1A66-B1C2-4BAC-96C4-CABCB7B444DC}.Debug|Any CPU.ActiveCfg = Debug|Any CPU
		{745E1A66-B1C2-4BAC-96C4-CABCB7B444DC}.Debug|Any CPU.Build.0 = Debug|Any CPU
		{745E1A66-B1C2-4BAC-96C4-CABCB7B444DC}.Release|Any CPU.ActiveCfg = Release|Any CPU
		{745E1A66-B1C2-4BAC-96C4-CABCB7B444DC}.Release|Any CPU.Build.0 = Release|Any CPU
		{8EA79FBB-B260-4F85-80C9-DE1A2052032F}.Debug|Any CPU.ActiveCfg = Debug|Any CPU
		{8EA79FBB-B260-4F85-80C9-DE1A2052032F}.Debug|Any CPU.Build.0 = Debug|Any CPU
		{8EA79FBB-B260-4F85-80C9-DE1A2052032F}.Release|Any CPU.ActiveCfg = Release|Any CPU
		{8EA79FBB-B260-4F85-80C9-DE1A2052032F}.Release|Any CPU.Build.0 = Release|Any CPU
		{64778DAA-64B7-4BDF-82E0-029966248056}.Debug|Any CPU.ActiveCfg = Debug|Any CPU
		{64778DAA-64B7-4BDF-82E0-029966248056}.Debug|Any CPU.Build.0 = Debug|Any CPU
		{64778DAA-64B7-4BDF-82E0-029966248056}.Release|Any CPU.ActiveCfg = Release|Any CPU
		{64778DAA-64B7-4BDF-82E0-029966248056}.Release|Any CPU.Build.0 = Release|Any CPU
		{0859CC2D-26D2-4B3F-A0F5-D15F9E27B425}.Debug|Any CPU.ActiveCfg = Debug|Any CPU
		{0859CC2D-26D2-4B3F-A0F5-D15F9E27B425}.Debug|Any CPU.Build.0 = Debug|Any CPU
		{0859CC2D-26D2-4B3F-A0F5-D15F9E27B425}.Release|Any CPU.ActiveCfg = Release|Any CPU
		{0859CC2D-26D2-4B3F-A0F5-D15F9E27B425}.Release|Any CPU.Build.0 = Release|Any CPU
	EndGlobalSection
	GlobalSection(SolutionProperties) = preSolution
		HideSolutionNode = FALSE
	EndGlobalSection
	GlobalSection(ExtensibilityGlobals) = postSolution
		SolutionGuid = {A12C7F31-B449-492A-8083-DAC2DE97146A}
	EndGlobalSection
EndGlobal
